
Microsoft Visual Studio Solution File, Format Version 12.00
# Visual Studio 2013
VisualStudioVersion = 12.0.40629.0
MinimumVisualStudioVersion = 10.0.40219.1
Project("{FAE04EC0-301F-11D3-BF4B-00C04F79EFBC}") = "1-确定字符互异", "1-确定字符互异\1-确定字符互异.csproj", "{4FB812A6-0197-44FB-B8B8-357899803B78}"
EndProject
Project("{FAE04EC0-301F-11D3-BF4B-00C04F79EFBC}") = "2-原串翻转", "2-原串翻转\2-原串翻转.csproj", "{2B607CC3-7872-4C4D-B967-8413A72B0068}"
EndProject
Project("{FAE04EC0-301F-11D3-BF4B-00C04F79EFBC}") = "3-确定两串乱序同构", "3-确定两串乱序同构\3-确定两串乱序同构.csproj", "{BA007A5C-DC63-4F29-88FA-CEC79B0C923D}"
EndProject
Project("{FAE04EC0-301F-11D3-BF4B-00C04F79EFBC}") = "4-空格替换", "4-空格替换\4-空格替换.csproj", "{2BBBAD8F-1893-47BE-8B2B-EFBF136E0875}"
EndProject
Project("{FAE04EC0-301F-11D3-BF4B-00C04F79EFBC}") = "5-基本字符串压缩", "5-基本字符串压缩\5-基本字符串压缩.csproj", "{11BFD76B-679E-49A7-85E4-216D812CF087}"
EndProject
Project("{FAE04EC0-301F-11D3-BF4B-00C04F79EFBC}") = "6-像素翻转", "6-像素翻转\6-像素翻转.csproj", "{039BB40D-8C2A-498A-9386-D571CEC8BA76}"
EndProject
Project("{FAE04EC0-301F-11D3-BF4B-00C04F79EFBC}") = "7-清除行列", "7-清除行列\7-清除行列.csproj", "{CBE8851C-7D0E-4FD9-94BB-2FBDF09A337B}"
EndProject
Project("{FAE04EC0-301F-11D3-BF4B-00C04F79EFBC}") = "8-翻转字串", "8-翻转字串\8-翻转字串.csproj", "{76E2EF3B-FB49-4124-873C-CF1FA181BD56}"
EndProject
Project("{FAE04EC0-301F-11D3-BF4B-00C04F79EFBC}") = "9-访问单个节点的删除", "9-访问单个节点的删除\9-访问单个节点的删除.csproj", "{3F0DA49C-CA5F-4D8D-AE03-26A487918D51}"
EndProject
Project("{FAE04EC0-301F-11D3-BF4B-00C04F79EFBC}") = "10-链表分割", "10-链表分割\10-链表分割.csproj", "{4AD49056-B2F8-4D1D-9F96-7B2E32E0397F}"
EndProject
Project("{FAE04EC0-301F-11D3-BF4B-00C04F79EFBC}") = "11-链表A+B", "11-链表A+B\11-链表A+B.csproj", "{B5CA04FA-FD02-4C17-BF63-9FF368111EF0}"
EndProject
Project("{FAE04EC0-301F-11D3-BF4B-00C04F79EFBC}") = "12-检查回文", "12-检查回文\12-检查回文.csproj", "{F8FADE1C-7095-48D6-B78F-9714F3DF14D4}"
EndProject
Project("{FAE04EC0-301F-11D3-BF4B-00C04F79EFBC}") = "13-双栈排序", "13-双栈排序\13-双栈排序.csproj", "{66ACDFA8-83DC-4B6F-A62D-C74A890341F2}"
EndProject
Global
	GlobalSection(SolutionConfigurationPlatforms) = preSolution
		Debug|Any CPU = Debug|Any CPU
		Release|Any CPU = Release|Any CPU
	EndGlobalSection
	GlobalSection(ProjectConfigurationPlatforms) = postSolution
		{4FB812A6-0197-44FB-B8B8-357899803B78}.Debug|Any CPU.ActiveCfg = Debug|Any CPU
		{4FB812A6-0197-44FB-B8B8-357899803B78}.Debug|Any CPU.Build.0 = Debug|Any CPU
		{4FB812A6-0197-44FB-B8B8-357899803B78}.Release|Any CPU.ActiveCfg = Release|Any CPU
		{4FB812A6-0197-44FB-B8B8-357899803B78}.Release|Any CPU.Build.0 = Release|Any CPU
		{2B607CC3-7872-4C4D-B967-8413A72B0068}.Debug|Any CPU.ActiveCfg = Debug|Any CPU
		{2B607CC3-7872-4C4D-B967-8413A72B0068}.Debug|Any CPU.Build.0 = Debug|Any CPU
		{2B607CC3-7872-4C4D-B967-8413A72B0068}.Release|Any CPU.ActiveCfg = Release|Any CPU
		{2B607CC3-7872-4C4D-B967-8413A72B0068}.Release|Any CPU.Build.0 = Release|Any CPU
		{BA007A5C-DC63-4F29-88FA-CEC79B0C923D}.Debug|Any CPU.ActiveCfg = Debug|Any CPU
		{BA007A5C-DC63-4F29-88FA-CEC79B0C923D}.Debug|Any CPU.Build.0 = Debug|Any CPU
		{BA007A5C-DC63-4F29-88FA-CEC79B0C923D}.Release|Any CPU.ActiveCfg = Release|Any CPU
		{BA007A5C-DC63-4F29-88FA-CEC79B0C923D}.Release|Any CPU.Build.0 = Release|Any CPU
		{2BBBAD8F-1893-47BE-8B2B-EFBF136E0875}.Debug|Any CPU.ActiveCfg = Debug|Any CPU
		{2BBBAD8F-1893-47BE-8B2B-EFBF136E0875}.Debug|Any CPU.Build.0 = Debug|Any CPU
		{2BBBAD8F-1893-47BE-8B2B-EFBF136E0875}.Release|Any CPU.ActiveCfg = Release|Any CPU
		{2BBBAD8F-1893-47BE-8B2B-EFBF136E0875}.Release|Any CPU.Build.0 = Release|Any CPU
		{11BFD76B-679E-49A7-85E4-216D812CF087}.Debug|Any CPU.ActiveCfg = Debug|Any CPU
		{11BFD76B-679E-49A7-85E4-216D812CF087}.Debug|Any CPU.Build.0 = Debug|Any CPU
		{11BFD76B-679E-49A7-85E4-216D812CF087}.Release|Any CPU.ActiveCfg = Release|Any CPU
		{11BFD76B-679E-49A7-85E4-216D812CF087}.Release|Any CPU.Build.0 = Release|Any CPU
		{039BB40D-8C2A-498A-9386-D571CEC8BA76}.Debug|Any CPU.ActiveCfg = Debug|Any CPU
		{039BB40D-8C2A-498A-9386-D571CEC8BA76}.Debug|Any CPU.Build.0 = Debug|Any CPU
		{039BB40D-8C2A-498A-9386-D571CEC8BA76}.Release|Any CPU.ActiveCfg = Release|Any CPU
		{039BB40D-8C2A-498A-9386-D571CEC8BA76}.Release|Any CPU.Build.0 = Release|Any CPU
		{CBE8851C-7D0E-4FD9-94BB-2FBDF09A337B}.Debug|Any CPU.ActiveCfg = Debug|Any CPU
		{CBE8851C-7D0E-4FD9-94BB-2FBDF09A337B}.Debug|Any CPU.Build.0 = Debug|Any CPU
		{CBE8851C-7D0E-4FD9-94BB-2FBDF09A337B}.Release|Any CPU.ActiveCfg = Release|Any CPU
		{CBE8851C-7D0E-4FD9-94BB-2FBDF09A337B}.Release|Any CPU.Build.0 = Release|Any CPU
		{76E2EF3B-FB49-4124-873C-CF1FA181BD56}.Debug|Any CPU.ActiveCfg = Debug|Any CPU
		{76E2EF3B-FB49-4124-873C-CF1FA181BD56}.Debug|Any CPU.Build.0 = Debug|Any CPU
		{76E2EF3B-FB49-4124-873C-CF1FA181BD56}.Release|Any CPU.ActiveCfg = Release|Any CPU
		{76E2EF3B-FB49-4124-873C-CF1FA181BD56}.Release|Any CPU.Build.0 = Release|Any CPU
		{3F0DA49C-CA5F-4D8D-AE03-26A487918D51}.Debug|Any CPU.ActiveCfg = Debug|Any CPU
		{3F0DA49C-CA5F-4D8D-AE03-26A487918D51}.Debug|Any CPU.Build.0 = Debug|Any CPU
		{3F0DA49C-CA5F-4D8D-AE03-26A487918D51}.Release|Any CPU.ActiveCfg = Release|Any CPU
		{3F0DA49C-CA5F-4D8D-AE03-26A487918D51}.Release|Any CPU.Build.0 = Release|Any CPU
		{4AD49056-B2F8-4D1D-9F96-7B2E32E0397F}.Debug|Any CPU.ActiveCfg = Debug|Any CPU
		{4AD49056-B2F8-4D1D-9F96-7B2E32E0397F}.Debug|Any CPU.Build.0 = Debug|Any CPU
		{4AD49056-B2F8-4D1D-9F96-7B2E32E0397F}.Release|Any CPU.ActiveCfg = Release|Any CPU
		{4AD49056-B2F8-4D1D-9F96-7B2E32E0397F}.Release|Any CPU.Build.0 = Release|Any CPU
		{B5CA04FA-FD02-4C17-BF63-9FF368111EF0}.Debug|Any CPU.ActiveCfg = Debug|Any CPU
		{B5CA04FA-FD02-4C17-BF63-9FF368111EF0}.Debug|Any CPU.Build.0 = Debug|Any CPU
		{B5CA04FA-FD02-4C17-BF63-9FF368111EF0}.Release|Any CPU.ActiveCfg = Release|Any CPU
		{B5CA04FA-FD02-4C17-BF63-9FF368111EF0}.Release|Any CPU.Build.0 = Release|Any CPU
		{F8FADE1C-7095-48D6-B78F-9714F3DF14D4}.Debug|Any CPU.ActiveCfg = Debug|Any CPU
		{F8FADE1C-7095-48D6-B78F-9714F3DF14D4}.Debug|Any CPU.Build.0 = Debug|Any CPU
		{F8FADE1C-7095-48D6-B78F-9714F3DF14D4}.Release|Any CPU.ActiveCfg = Release|Any CPU
		{F8FADE1C-7095-48D6-B78F-9714F3DF14D4}.Release|Any CPU.Build.0 = Release|Any CPU
		{66ACDFA8-83DC-4B6F-A62D-C74A890341F2}.Debug|Any CPU.ActiveCfg = Debug|Any CPU
		{66ACDFA8-83DC-4B6F-A62D-C74A890341F2}.Debug|Any CPU.Build.0 = Debug|Any CPU
		{66ACDFA8-83DC-4B6F-A62D-C74A890341F2}.Release|Any CPU.ActiveCfg = Release|Any CPU
		{66ACDFA8-83DC-4B6F-A62D-C74A890341F2}.Release|Any CPU.Build.0 = Release|Any CPU
	EndGlobalSection
	GlobalSection(SolutionProperties) = preSolution
		HideSolutionNode = FALSE
	EndGlobalSection
EndGlobal
